
Microsoft Visual Studio Solution File, Format Version 12.00
# Visual Studio 14
VisualStudioVersion = 14.0.25420.1
MinimumVisualStudioVersion = 10.0.40219.1
Project("{FAE04EC0-301F-11D3-BF4B-00C04F79EFBC}") = "TelemarketingManagement", "TelemarketingManagement\TelemarketingManagement.csproj", "{026D2BF4-B0F8-43E2-8D36-FF50B5958865}"
EndProject
Project("{FAE04EC0-301F-11D3-BF4B-00C04F79EFBC}") = "TelemarketingManagement.Tests", "TelemarketingManagement.Tests\TelemarketingManagement.Tests.csproj", "{D60C875D-68CE-4244-A533-168FBB1FFD47}"
EndProject
Global
	GlobalSection(SolutionConfigurationPlatforms) = preSolution
		Debug|Any CPU = Debug|Any CPU
		Release|Any CPU = Release|Any CPU
	EndGlobalSection
	GlobalSection(ProjectConfigurationPlatforms) = postSolution
		{026D2BF4-B0F8-43E2-8D36-FF50B5958865}.Debug|Any CPU.ActiveCfg = Debug|Any CPU
		{026D2BF4-B0F8-43E2-8D36-FF50B5958865}.Debug|Any CPU.Build.0 = Debug|Any CPU
		{026D2BF4-B0F8-43E2-8D36-FF50B5958865}.Release|Any CPU.ActiveCfg = Release|Any CPU
		{026D2BF4-B0F8-43E2-8D36-FF50B5958865}.Release|Any CPU.Build.0 = Release|Any CPU
		{D60C875D-68CE-4244-A533-168FBB1FFD47}.Debug|Any CPU.ActiveCfg = Debug|Any CPU
		{D60C875D-68CE-4244-A533-168FBB1FFD47}.Debug|Any CPU.Build.0 = Debug|Any CPU
		{D60C875D-68CE-4244-A533-168FBB1FFD47}.Release|Any CPU.ActiveCfg = Release|Any CPU
		{D60C875D-68CE-4244-A533-168FBB1FFD47}.Release|Any CPU.Build.0 = Release|Any CPU
	EndGlobalSection
	GlobalSection(SolutionProperties) = preSolution
		HideSolutionNode = FALSE
	EndGlobalSection
EndGlobal
