
Microsoft Visual Studio Solution File, Format Version 12.00
# Visual Studio 14
VisualStudioVersion = 14.0.25420.1
MinimumVisualStudioVersion = 10.0.40219.1
Project("{FAE04EC0-301F-11D3-BF4B-00C04F79EFBC}") = "TelemarketingManagement", "TelemarketingManagement\TelemarketingManagement.csproj", "{026D2BF4-B0F8-43E2-8D36-FF50B5958865}"
EndProject
Project("{FAE04EC0-301F-11D3-BF4B-00C04F79EFBC}") = "TelemarketingManagement.Tests", "TelemarketingManagement.Tests\TelemarketingManagement.Tests.csproj", "{D60C875D-68CE-4244-A533-168FBB1FFD47}"
EndProject
Project("{2150E333-8FDC-42A3-9474-1A3956D46DE8}") = "1.Libraries", "1.Libraries", "{B0739289-8C64-4BAA-B214-42BEDFF4BB8A}"
EndProject
Project("{2150E333-8FDC-42A3-9474-1A3956D46DE8}") = "2.Presentation", "2.Presentation", "{30DA7896-2E04-430D-B678-F097F39EF971}"
EndProject
Project("{2150E333-8FDC-42A3-9474-1A3956D46DE8}") = "3.UnitTest", "3.UnitTest", "{716A0479-8890-4C54-B96B-E6CA89AD1C5B}"
EndProject
Project("{FAE04EC0-301F-11D3-BF4B-00C04F79EFBC}") = "Config", "Config\Config.csproj", "{009E70EA-DFFE-428C-8A3F-C3B00DD178D8}"
EndProject
Project("{FAE04EC0-301F-11D3-BF4B-00C04F79EFBC}") = "Common", "Common\Common.csproj", "{DD0C1F4E-6F8F-4626-AC88-B517B75B257F}"
EndProject
Project("{FAE04EC0-301F-11D3-BF4B-00C04F79EFBC}") = "Data", "Data\Data.csproj", "{A974C04F-3F81-4628-9E0D-CEBC7D14DE43}"
EndProject
Project("{FAE04EC0-301F-11D3-BF4B-00C04F79EFBC}") = "Models", "Models\Models.csproj", "{3716EE77-95D4-4FAC-8588-DAB34D514158}"
EndProject
Project("{FAE04EC0-301F-11D3-BF4B-00C04F79EFBC}") = "Service", "Service\Service.csproj", "{85550D7D-C3C6-4109-9174-494FF90F99A9}"
EndProject
Project("{FAE04EC0-301F-11D3-BF4B-00C04F79EFBC}") = "ViewModels", "ViewModels\ViewModels.csproj", "{C8044BFD-31FB-47D2-AF60-CA933B48D864}"
EndProject
Project("{FAE04EC0-301F-11D3-BF4B-00C04F79EFBC}") = "DataTransferObjects", "DataTransferObjects\DataTransferObjects.csproj", "{C5D0E46C-D528-4831-88EE-F4A36BDAB3B6}"
EndProject
Project("{FAE04EC0-301F-11D3-BF4B-00C04F79EFBC}") = "UnitTestProject", "UnitTestProject\UnitTestProject.csproj", "{754B9D66-3D66-47EA-8DE8-D0C810F4657B}"
EndProject
Global
	GlobalSection(SolutionConfigurationPlatforms) = preSolution
		Debug|Any CPU = Debug|Any CPU
		Release|Any CPU = Release|Any CPU
	EndGlobalSection
	GlobalSection(ProjectConfigurationPlatforms) = postSolution
		{026D2BF4-B0F8-43E2-8D36-FF50B5958865}.Debug|Any CPU.ActiveCfg = Debug|Any CPU
		{026D2BF4-B0F8-43E2-8D36-FF50B5958865}.Debug|Any CPU.Build.0 = Debug|Any CPU
		{026D2BF4-B0F8-43E2-8D36-FF50B5958865}.Release|Any CPU.ActiveCfg = Release|Any CPU
		{026D2BF4-B0F8-43E2-8D36-FF50B5958865}.Release|Any CPU.Build.0 = Release|Any CPU
		{D60C875D-68CE-4244-A533-168FBB1FFD47}.Debug|Any CPU.ActiveCfg = Debug|Any CPU
		{D60C875D-68CE-4244-A533-168FBB1FFD47}.Debug|Any CPU.Build.0 = Debug|Any CPU
		{D60C875D-68CE-4244-A533-168FBB1FFD47}.Release|Any CPU.ActiveCfg = Release|Any CPU
		{D60C875D-68CE-4244-A533-168FBB1FFD47}.Release|Any CPU.Build.0 = Release|Any CPU
		{009E70EA-DFFE-428C-8A3F-C3B00DD178D8}.Debug|Any CPU.ActiveCfg = Debug|Any CPU
		{009E70EA-DFFE-428C-8A3F-C3B00DD178D8}.Debug|Any CPU.Build.0 = Debug|Any CPU
		{009E70EA-DFFE-428C-8A3F-C3B00DD178D8}.Release|Any CPU.ActiveCfg = Release|Any CPU
		{009E70EA-DFFE-428C-8A3F-C3B00DD178D8}.Release|Any CPU.Build.0 = Release|Any CPU
		{DD0C1F4E-6F8F-4626-AC88-B517B75B257F}.Debug|Any CPU.ActiveCfg = Debug|Any CPU
		{DD0C1F4E-6F8F-4626-AC88-B517B75B257F}.Debug|Any CPU.Build.0 = Debug|Any CPU
		{DD0C1F4E-6F8F-4626-AC88-B517B75B257F}.Release|Any CPU.ActiveCfg = Release|Any CPU
		{DD0C1F4E-6F8F-4626-AC88-B517B75B257F}.Release|Any CPU.Build.0 = Release|Any CPU
		{A974C04F-3F81-4628-9E0D-CEBC7D14DE43}.Debug|Any CPU.ActiveCfg = Debug|Any CPU
		{A974C04F-3F81-4628-9E0D-CEBC7D14DE43}.Debug|Any CPU.Build.0 = Debug|Any CPU
		{A974C04F-3F81-4628-9E0D-CEBC7D14DE43}.Release|Any CPU.ActiveCfg = Release|Any CPU
		{A974C04F-3F81-4628-9E0D-CEBC7D14DE43}.Release|Any CPU.Build.0 = Release|Any CPU
		{3716EE77-95D4-4FAC-8588-DAB34D514158}.Debug|Any CPU.ActiveCfg = Debug|Any CPU
		{3716EE77-95D4-4FAC-8588-DAB34D514158}.Debug|Any CPU.Build.0 = Debug|Any CPU
		{3716EE77-95D4-4FAC-8588-DAB34D514158}.Release|Any CPU.ActiveCfg = Release|Any CPU
		{3716EE77-95D4-4FAC-8588-DAB34D514158}.Release|Any CPU.Build.0 = Release|Any CPU
		{85550D7D-C3C6-4109-9174-494FF90F99A9}.Debug|Any CPU.ActiveCfg = Debug|Any CPU
		{85550D7D-C3C6-4109-9174-494FF90F99A9}.Debug|Any CPU.Build.0 = Debug|Any CPU
		{85550D7D-C3C6-4109-9174-494FF90F99A9}.Release|Any CPU.ActiveCfg = Release|Any CPU
		{85550D7D-C3C6-4109-9174-494FF90F99A9}.Release|Any CPU.Build.0 = Release|Any CPU
		{C8044BFD-31FB-47D2-AF60-CA933B48D864}.Debug|Any CPU.ActiveCfg = Debug|Any CPU
		{C8044BFD-31FB-47D2-AF60-CA933B48D864}.Debug|Any CPU.Build.0 = Debug|Any CPU
		{C8044BFD-31FB-47D2-AF60-CA933B48D864}.Release|Any CPU.ActiveCfg = Release|Any CPU
		{C8044BFD-31FB-47D2-AF60-CA933B48D864}.Release|Any CPU.Build.0 = Release|Any CPU
		{C5D0E46C-D528-4831-88EE-F4A36BDAB3B6}.Debug|Any CPU.ActiveCfg = Debug|Any CPU
		{C5D0E46C-D528-4831-88EE-F4A36BDAB3B6}.Debug|Any CPU.Build.0 = Debug|Any CPU
		{C5D0E46C-D528-4831-88EE-F4A36BDAB3B6}.Release|Any CPU.ActiveCfg = Release|Any CPU
		{C5D0E46C-D528-4831-88EE-F4A36BDAB3B6}.Release|Any CPU.Build.0 = Release|Any CPU
		{754B9D66-3D66-47EA-8DE8-D0C810F4657B}.Debug|Any CPU.ActiveCfg = Debug|Any CPU
		{754B9D66-3D66-47EA-8DE8-D0C810F4657B}.Debug|Any CPU.Build.0 = Debug|Any CPU
		{754B9D66-3D66-47EA-8DE8-D0C810F4657B}.Release|Any CPU.ActiveCfg = Release|Any CPU
		{754B9D66-3D66-47EA-8DE8-D0C810F4657B}.Release|Any CPU.Build.0 = Release|Any CPU
	EndGlobalSection
	GlobalSection(SolutionProperties) = preSolution
		HideSolutionNode = FALSE
	EndGlobalSection
	GlobalSection(NestedProjects) = preSolution
		{026D2BF4-B0F8-43E2-8D36-FF50B5958865} = {30DA7896-2E04-430D-B678-F097F39EF971}
		{D60C875D-68CE-4244-A533-168FBB1FFD47} = {716A0479-8890-4C54-B96B-E6CA89AD1C5B}
		{009E70EA-DFFE-428C-8A3F-C3B00DD178D8} = {B0739289-8C64-4BAA-B214-42BEDFF4BB8A}
		{DD0C1F4E-6F8F-4626-AC88-B517B75B257F} = {B0739289-8C64-4BAA-B214-42BEDFF4BB8A}
		{A974C04F-3F81-4628-9E0D-CEBC7D14DE43} = {B0739289-8C64-4BAA-B214-42BEDFF4BB8A}
		{3716EE77-95D4-4FAC-8588-DAB34D514158} = {B0739289-8C64-4BAA-B214-42BEDFF4BB8A}
		{85550D7D-C3C6-4109-9174-494FF90F99A9} = {B0739289-8C64-4BAA-B214-42BEDFF4BB8A}
		{C8044BFD-31FB-47D2-AF60-CA933B48D864} = {B0739289-8C64-4BAA-B214-42BEDFF4BB8A}
		{C5D0E46C-D528-4831-88EE-F4A36BDAB3B6} = {B0739289-8C64-4BAA-B214-42BEDFF4BB8A}
		{754B9D66-3D66-47EA-8DE8-D0C810F4657B} = {716A0479-8890-4C54-B96B-E6CA89AD1C5B}
	EndGlobalSection
EndGlobal
